// !$*UTF8*$!
{
	archiveVersion = 1;
	classes = {
	};
	objectVersion = 50;
	objects = {

/* Begin PBXBuildFile section */
		5C8DC87524C78BC100F2ABD9 /* MapViewController.swift in Sources */ = {isa = PBXBuildFile; fileRef = 5C8DC87424C78BC100F2ABD9 /* MapViewController.swift */; };
		5C8DC87824C7E8E600F2ABD9 /* RestaurantDetail.storyboard in Resources */ = {isa = PBXBuildFile; fileRef = 5C8DC87724C7E8E600F2ABD9 /* RestaurantDetail.storyboard */; };
		5C8DC87C24C7E91000F2ABD9 /* ReviewForm.storyboard in Resources */ = {isa = PBXBuildFile; fileRef = 5C8DC87B24C7E90F00F2ABD9 /* ReviewForm.storyboard */; };
		5C8DC87E24C7E91A00F2ABD9 /* PhotoFilter.storyboard in Resources */ = {isa = PBXBuildFile; fileRef = 5C8DC87D24C7E91A00F2ABD9 /* PhotoFilter.storyboard */; };
		5C8DC88024C7EA0700F2ABD9 /* Segue.swift in Sources */ = {isa = PBXBuildFile; fileRef = 5C8DC87F24C7EA0700F2ABD9 /* Segue.swift */; };
		5C8DC88224C7EED100F2ABD9 /* RestaurantDetailViewController.swift in Sources */ = {isa = PBXBuildFile; fileRef = 5C8DC88124C7EED100F2ABD9 /* RestaurantDetailViewController.swift */; };
		5C8E381D24CA7F77009DE9EF /* Los Angeles.json in Resources */ = {isa = PBXBuildFile; fileRef = 5C8E380F24CA7F76009DE9EF /* Los Angeles.json */; };
		5C8E381E24CA7F77009DE9EF /* Philadelphia.json in Resources */ = {isa = PBXBuildFile; fileRef = 5C8E381024CA7F76009DE9EF /* Philadelphia.json */; };
		5C8E381F24CA7F77009DE9EF /* New York.json in Resources */ = {isa = PBXBuildFile; fileRef = 5C8E381124CA7F76009DE9EF /* New York.json */; };
		5C8E382024CA7F77009DE9EF /* Houston.json in Resources */ = {isa = PBXBuildFile; fileRef = 5C8E381224CA7F76009DE9EF /* Houston.json */; };
		5C8E382124CA7F77009DE9EF /* San Antonio.json in Resources */ = {isa = PBXBuildFile; fileRef = 5C8E381324CA7F76009DE9EF /* San Antonio.json */; };
		5C8E382224CA7F77009DE9EF /* Las Vegas.json in Resources */ = {isa = PBXBuildFile; fileRef = 5C8E381424CA7F76009DE9EF /* Las Vegas.json */; };
		5C8E382324CA7F77009DE9EF /* New Orleans.json in Resources */ = {isa = PBXBuildFile; fileRef = 5C8E381524CA7F76009DE9EF /* New Orleans.json */; };
		5C8E382424CA7F77009DE9EF /* Boston.json in Resources */ = {isa = PBXBuildFile; fileRef = 5C8E381624CA7F77009DE9EF /* Boston.json */; };
		5C8E382524CA7F77009DE9EF /* Chicago.json in Resources */ = {isa = PBXBuildFile; fileRef = 5C8E381724CA7F77009DE9EF /* Chicago.json */; };
		5C8E382624CA7F77009DE9EF /* Charleston.json in Resources */ = {isa = PBXBuildFile; fileRef = 5C8E381824CA7F77009DE9EF /* Charleston.json */; };
		5C8E382724CA7F77009DE9EF /* Portland.json in Resources */ = {isa = PBXBuildFile; fileRef = 5C8E381924CA7F77009DE9EF /* Portland.json */; };
		5C8E382824CA7F77009DE9EF /* San Francisco.json in Resources */ = {isa = PBXBuildFile; fileRef = 5C8E381A24CA7F77009DE9EF /* San Francisco.json */; };
		5C8E382924CA7F77009DE9EF /* Aspen.json in Resources */ = {isa = PBXBuildFile; fileRef = 5C8E381B24CA7F77009DE9EF /* Aspen.json */; };
		5C8E382A24CA7F77009DE9EF /* Miami.json in Resources */ = {isa = PBXBuildFile; fileRef = 5C8E381C24CA7F77009DE9EF /* Miami.json */; };
		5C8E382C24CA80CE009DE9EF /* RestaurantAPIManager.swift in Sources */ = {isa = PBXBuildFile; fileRef = 5C8E382B24CA80CE009DE9EF /* RestaurantAPIManager.swift */; };
		5C8E382E24CA9BD1009DE9EF /* LocationItem.swift in Sources */ = {isa = PBXBuildFile; fileRef = 5C8E382D24CA9BD1009DE9EF /* LocationItem.swift */; };
		5C8E383024CAA467009DE9EF /* ExploreHeaderView.swift in Sources */ = {isa = PBXBuildFile; fileRef = 5C8E382F24CAA467009DE9EF /* ExploreHeaderView.swift */; };
		5C92447324C6A98B00B05A0C /* LocationViewController.swift in Sources */ = {isa = PBXBuildFile; fileRef = 5C92447224C6A98B00B05A0C /* LocationViewController.swift */; };
		5C92447524C6AE1E00B05A0C /* Locations.plist in Resources */ = {isa = PBXBuildFile; fileRef = 5C92447424C6AE1E00B05A0C /* Locations.plist */; };
		5C92447724C6AFAF00B05A0C /* LocationDataManager.swift in Sources */ = {isa = PBXBuildFile; fileRef = 5C92447624C6AFAF00B05A0C /* LocationDataManager.swift */; };
		5C92447B24C6B6B200B05A0C /* MapLocations.plist in Resources */ = {isa = PBXBuildFile; fileRef = 5C92447A24C6B6B200B05A0C /* MapLocations.plist */; };
		5C92447D24C6B72700B05A0C /* RestaurantItem.swift in Sources */ = {isa = PBXBuildFile; fileRef = 5C92447C24C6B72700B05A0C /* RestaurantItem.swift */; };
		5C92448024C6BA6F00B05A0C /* MapDataManager.swift in Sources */ = {isa = PBXBuildFile; fileRef = 5C92447F24C6BA6F00B05A0C /* MapDataManager.swift */; };
		5C92448324C6BC8400B05A0C /* DataManager.swift in Sources */ = {isa = PBXBuildFile; fileRef = 5C92448224C6BC8400B05A0C /* DataManager.swift */; };
		5C9EB0C624CFEA0A0009D067 /* RestaurantCell.swift in Sources */ = {isa = PBXBuildFile; fileRef = 5C9EB0C524CFEA0A0009D067 /* RestaurantCell.swift */; };
		5CC0BC5424C3FC5E00EC2AA1 /* AppDelegate.swift in Sources */ = {isa = PBXBuildFile; fileRef = 5CC0BC5324C3FC5E00EC2AA1 /* AppDelegate.swift */; };
		5CC0BC5624C3FC5E00EC2AA1 /* SceneDelegate.swift in Sources */ = {isa = PBXBuildFile; fileRef = 5CC0BC5524C3FC5E00EC2AA1 /* SceneDelegate.swift */; };
		5CC0BC5B24C3FC5E00EC2AA1 /* Main.storyboard in Resources */ = {isa = PBXBuildFile; fileRef = 5CC0BC5924C3FC5E00EC2AA1 /* Main.storyboard */; };
		5CC0BC6024C3FC6000EC2AA1 /* LaunchScreen.storyboard in Resources */ = {isa = PBXBuildFile; fileRef = 5CC0BC5E24C3FC6000EC2AA1 /* LaunchScreen.storyboard */; };
		5CC0BC6824C40BE500EC2AA1 /* Assets.xcassets in Resources */ = {isa = PBXBuildFile; fileRef = 5CC0BC6724C40BE500EC2AA1 /* Assets.xcassets */; };
		5CC0BC6B24C418A900EC2AA1 /* ExploreViewController.swift in Sources */ = {isa = PBXBuildFile; fileRef = 5CC0BC6A24C418A900EC2AA1 /* ExploreViewController.swift */; };
		5CC0BC6E24C4301800EC2AA1 /* RestaurantListViewController.swift in Sources */ = {isa = PBXBuildFile; fileRef = 5CC0BC6D24C4301800EC2AA1 /* RestaurantListViewController.swift */; };
		5CC0BC7224C566F700EC2AA1 /* ExploreData.plist in Resources */ = {isa = PBXBuildFile; fileRef = 5CC0BC7124C566F700EC2AA1 /* ExploreData.plist */; };
		5CC0BC7424C5677D00EC2AA1 /* ExploreItem.swift in Sources */ = {isa = PBXBuildFile; fileRef = 5CC0BC7324C5677D00EC2AA1 /* ExploreItem.swift */; };
		5CC0BC7624C56A5500EC2AA1 /* ExploreDataManager.swift in Sources */ = {isa = PBXBuildFile; fileRef = 5CC0BC7524C56A5500EC2AA1 /* ExploreDataManager.swift */; };
		5CC0BC7924C56FCC00EC2AA1 /* ExploreCell.swift in Sources */ = {isa = PBXBuildFile; fileRef = 5CC0BC7824C56FCC00EC2AA1 /* ExploreCell.swift */; };
/* End PBXBuildFile section */

/* Begin PBXFileReference section */
		5C8DC87424C78BC100F2ABD9 /* MapViewController.swift */ = {isa = PBXFileReference; lastKnownFileType = sourcecode.swift; path = MapViewController.swift; sourceTree = "<group>"; };
		5C8DC87724C7E8E600F2ABD9 /* RestaurantDetail.storyboard */ = {isa = PBXFileReference; fileEncoding = 4; lastKnownFileType = file.storyboard; path = RestaurantDetail.storyboard; sourceTree = "<group>"; };
		5C8DC87B24C7E90F00F2ABD9 /* ReviewForm.storyboard */ = {isa = PBXFileReference; fileEncoding = 4; lastKnownFileType = file.storyboard; path = ReviewForm.storyboard; sourceTree = "<group>"; };
		5C8DC87D24C7E91A00F2ABD9 /* PhotoFilter.storyboard */ = {isa = PBXFileReference; fileEncoding = 4; lastKnownFileType = file.storyboard; path = PhotoFilter.storyboard; sourceTree = "<group>"; };
		5C8DC87F24C7EA0700F2ABD9 /* Segue.swift */ = {isa = PBXFileReference; lastKnownFileType = sourcecode.swift; path = Segue.swift; sourceTree = "<group>"; };
		5C8DC88124C7EED100F2ABD9 /* RestaurantDetailViewController.swift */ = {isa = PBXFileReference; lastKnownFileType = sourcecode.swift; path = RestaurantDetailViewController.swift; sourceTree = "<group>"; };
		5C8E380F24CA7F76009DE9EF /* Los Angeles.json */ = {isa = PBXFileReference; fileEncoding = 4; lastKnownFileType = text.json; path = "Los Angeles.json"; sourceTree = "<group>"; };
		5C8E381024CA7F76009DE9EF /* Philadelphia.json */ = {isa = PBXFileReference; fileEncoding = 4; lastKnownFileType = text.json; path = Philadelphia.json; sourceTree = "<group>"; };
		5C8E381124CA7F76009DE9EF /* New York.json */ = {isa = PBXFileReference; fileEncoding = 4; lastKnownFileType = text.json; path = "New York.json"; sourceTree = "<group>"; };
		5C8E381224CA7F76009DE9EF /* Houston.json */ = {isa = PBXFileReference; fileEncoding = 4; lastKnownFileType = text.json; path = Houston.json; sourceTree = "<group>"; };
		5C8E381324CA7F76009DE9EF /* San Antonio.json */ = {isa = PBXFileReference; fileEncoding = 4; lastKnownFileType = text.json; path = "San Antonio.json"; sourceTree = "<group>"; };
		5C8E381424CA7F76009DE9EF /* Las Vegas.json */ = {isa = PBXFileReference; fileEncoding = 4; lastKnownFileType = text.json; path = "Las Vegas.json"; sourceTree = "<group>"; };
		5C8E381524CA7F76009DE9EF /* New Orleans.json */ = {isa = PBXFileReference; fileEncoding = 4; lastKnownFileType = text.json; path = "New Orleans.json"; sourceTree = "<group>"; };
		5C8E381624CA7F77009DE9EF /* Boston.json */ = {isa = PBXFileReference; fileEncoding = 4; lastKnownFileType = text.json; path = Boston.json; sourceTree = "<group>"; };
		5C8E381724CA7F77009DE9EF /* Chicago.json */ = {isa = PBXFileReference; fileEncoding = 4; lastKnownFileType = text.json; path = Chicago.json; sourceTree = "<group>"; };
		5C8E381824CA7F77009DE9EF /* Charleston.json */ = {isa = PBXFileReference; fileEncoding = 4; lastKnownFileType = text.json; path = Charleston.json; sourceTree = "<group>"; };
		5C8E381924CA7F77009DE9EF /* Portland.json */ = {isa = PBXFileReference; fileEncoding = 4; lastKnownFileType = text.json; path = Portland.json; sourceTree = "<group>"; };
		5C8E381A24CA7F77009DE9EF /* San Francisco.json */ = {isa = PBXFileReference; fileEncoding = 4; lastKnownFileType = text.json; path = "San Francisco.json"; sourceTree = "<group>"; };
		5C8E381B24CA7F77009DE9EF /* Aspen.json */ = {isa = PBXFileReference; fileEncoding = 4; lastKnownFileType = text.json; path = Aspen.json; sourceTree = "<group>"; };
		5C8E381C24CA7F77009DE9EF /* Miami.json */ = {isa = PBXFileReference; fileEncoding = 4; lastKnownFileType = text.json; path = Miami.json; sourceTree = "<group>"; };
		5C8E382B24CA80CE009DE9EF /* RestaurantAPIManager.swift */ = {isa = PBXFileReference; lastKnownFileType = sourcecode.swift; path = RestaurantAPIManager.swift; sourceTree = "<group>"; };
		5C8E382D24CA9BD1009DE9EF /* LocationItem.swift */ = {isa = PBXFileReference; lastKnownFileType = sourcecode.swift; path = LocationItem.swift; sourceTree = "<group>"; };
		5C8E382F24CAA467009DE9EF /* ExploreHeaderView.swift */ = {isa = PBXFileReference; lastKnownFileType = sourcecode.swift; path = ExploreHeaderView.swift; sourceTree = "<group>"; };
		5C92447224C6A98B00B05A0C /* LocationViewController.swift */ = {isa = PBXFileReference; lastKnownFileType = sourcecode.swift; path = LocationViewController.swift; sourceTree = "<group>"; };
		5C92447424C6AE1E00B05A0C /* Locations.plist */ = {isa = PBXFileReference; lastKnownFileType = text.plist.xml; path = Locations.plist; sourceTree = "<group>"; };
		5C92447624C6AFAF00B05A0C /* LocationDataManager.swift */ = {isa = PBXFileReference; lastKnownFileType = sourcecode.swift; path = LocationDataManager.swift; sourceTree = "<group>"; };
		5C92447A24C6B6B200B05A0C /* MapLocations.plist */ = {isa = PBXFileReference; fileEncoding = 4; lastKnownFileType = text.plist.xml; path = MapLocations.plist; sourceTree = "<group>"; };
		5C92447C24C6B72700B05A0C /* RestaurantItem.swift */ = {isa = PBXFileReference; lastKnownFileType = sourcecode.swift; path = RestaurantItem.swift; sourceTree = "<group>"; };
		5C92447F24C6BA6F00B05A0C /* MapDataManager.swift */ = {isa = PBXFileReference; lastKnownFileType = sourcecode.swift; path = MapDataManager.swift; sourceTree = "<group>"; };
		5C92448224C6BC8400B05A0C /* DataManager.swift */ = {isa = PBXFileReference; lastKnownFileType = sourcecode.swift; path = DataManager.swift; sourceTree = "<group>"; };
		5C9EB0C524CFEA0A0009D067 /* RestaurantCell.swift */ = {isa = PBXFileReference; lastKnownFileType = sourcecode.swift; path = RestaurantCell.swift; sourceTree = "<group>"; };
		5CC0BC5024C3FC5E00EC2AA1 /* Let's Eat.app */ = {isa = PBXFileReference; explicitFileType = wrapper.application; includeInIndex = 0; path = "Let's Eat.app"; sourceTree = BUILT_PRODUCTS_DIR; };
		5CC0BC5324C3FC5E00EC2AA1 /* AppDelegate.swift */ = {isa = PBXFileReference; lastKnownFileType = sourcecode.swift; path = AppDelegate.swift; sourceTree = "<group>"; };
		5CC0BC5524C3FC5E00EC2AA1 /* SceneDelegate.swift */ = {isa = PBXFileReference; lastKnownFileType = sourcecode.swift; path = SceneDelegate.swift; sourceTree = "<group>"; };
		5CC0BC5A24C3FC5E00EC2AA1 /* Base */ = {isa = PBXFileReference; lastKnownFileType = file.storyboard; name = Base; path = Base.lproj/Main.storyboard; sourceTree = "<group>"; };
		5CC0BC5F24C3FC6000EC2AA1 /* Base */ = {isa = PBXFileReference; lastKnownFileType = file.storyboard; name = Base; path = Base.lproj/LaunchScreen.storyboard; sourceTree = "<group>"; };
		5CC0BC6124C3FC6000EC2AA1 /* Info.plist */ = {isa = PBXFileReference; lastKnownFileType = text.plist.xml; path = Info.plist; sourceTree = "<group>"; };
		5CC0BC6724C40BE500EC2AA1 /* Assets.xcassets */ = {isa = PBXFileReference; lastKnownFileType = folder.assetcatalog; name = Assets.xcassets; path = "../../iOS13ForBeginners/iOS-13-Programming-for-Beginners/Chapter09/Assets.xcassets"; sourceTree = "<group>"; };
		5CC0BC6A24C418A900EC2AA1 /* ExploreViewController.swift */ = {isa = PBXFileReference; lastKnownFileType = sourcecode.swift; path = ExploreViewController.swift; sourceTree = "<group>"; };
		5CC0BC6D24C4301800EC2AA1 /* RestaurantListViewController.swift */ = {isa = PBXFileReference; lastKnownFileType = sourcecode.swift; path = RestaurantListViewController.swift; sourceTree = "<group>"; };
		5CC0BC7124C566F700EC2AA1 /* ExploreData.plist */ = {isa = PBXFileReference; fileEncoding = 4; lastKnownFileType = text.plist.xml; path = ExploreData.plist; sourceTree = "<group>"; };
		5CC0BC7324C5677D00EC2AA1 /* ExploreItem.swift */ = {isa = PBXFileReference; lastKnownFileType = sourcecode.swift; path = ExploreItem.swift; sourceTree = "<group>"; };
		5CC0BC7524C56A5500EC2AA1 /* ExploreDataManager.swift */ = {isa = PBXFileReference; lastKnownFileType = sourcecode.swift; path = ExploreDataManager.swift; sourceTree = "<group>"; };
		5CC0BC7824C56FCC00EC2AA1 /* ExploreCell.swift */ = {isa = PBXFileReference; lastKnownFileType = sourcecode.swift; path = ExploreCell.swift; sourceTree = "<group>"; };
/* End PBXFileReference section */

/* Begin PBXFrameworksBuildPhase section */
		5CC0BC4D24C3FC5E00EC2AA1 /* Frameworks */ = {
			isa = PBXFrameworksBuildPhase;
			buildActionMask = 2147483647;
			files = (
			);
			runOnlyForDeploymentPostprocessing = 0;
		};
/* End PBXFrameworksBuildPhase section */

/* Begin PBXGroup section */
		5C8DC87624C7E8CC00F2ABD9 /* RestaurantDetail */ = {
			isa = PBXGroup;
			children = (
				5C8DC87724C7E8E600F2ABD9 /* RestaurantDetail.storyboard */,
				5C8DC88124C7EED100F2ABD9 /* RestaurantDetailViewController.swift */,
			);
			path = RestaurantDetail;
			sourceTree = "<group>";
		};
		5C8DC87924C7E8F100F2ABD9 /* ReviewForm */ = {
			isa = PBXGroup;
			children = (
				5C8DC87B24C7E90F00F2ABD9 /* ReviewForm.storyboard */,
			);
			path = ReviewForm;
			sourceTree = "<group>";
		};
		5C8DC87A24C7E8FE00F2ABD9 /* PhotoFilter */ = {
			isa = PBXGroup;
			children = (
				5C8DC87D24C7E91A00F2ABD9 /* PhotoFilter.storyboard */,
			);
			path = PhotoFilter;
			sourceTree = "<group>";
		};
		5C8E380E24CA7F5E009DE9EF /* New Group */ = {
			isa = PBXGroup;
			children = (
				5C8E381B24CA7F77009DE9EF /* Aspen.json */,
				5C8E381624CA7F77009DE9EF /* Boston.json */,
				5C8E381824CA7F77009DE9EF /* Charleston.json */,
				5C8E381724CA7F77009DE9EF /* Chicago.json */,
				5C8E381224CA7F76009DE9EF /* Houston.json */,
				5C8E381424CA7F76009DE9EF /* Las Vegas.json */,
				5C8E380F24CA7F76009DE9EF /* Los Angeles.json */,
				5C8E381C24CA7F77009DE9EF /* Miami.json */,
				5C8E381524CA7F76009DE9EF /* New Orleans.json */,
				5C8E381124CA7F76009DE9EF /* New York.json */,
				5C8E381024CA7F76009DE9EF /* Philadelphia.json */,
				5C8E381924CA7F77009DE9EF /* Portland.json */,
				5C8E381324CA7F76009DE9EF /* San Antonio.json */,
				5C8E381A24CA7F77009DE9EF /* San Francisco.json */,
			);
			path = "New Group";
			sourceTree = "<group>";
		};
		5C92446F24C6A91600B05A0C /* Location */ = {
			isa = PBXGroup;
			children = (
				5C92447024C6A93E00B05A0C /* View */,
				5C92447124C6A95000B05A0C /* Model */,
				5C92447224C6A98B00B05A0C /* LocationViewController.swift */,
			);
			path = Location;
			sourceTree = "<group>";
		};
		5C92447024C6A93E00B05A0C /* View */ = {
			isa = PBXGroup;
			children = (
				5C8E382F24CAA467009DE9EF /* ExploreHeaderView.swift */,
			);
			path = View;
			sourceTree = "<group>";
		};
		5C92447124C6A95000B05A0C /* Model */ = {
			isa = PBXGroup;
			children = (
				5C92447424C6AE1E00B05A0C /* Locations.plist */,
				5C92447624C6AFAF00B05A0C /* LocationDataManager.swift */,
				5C8E382D24CA9BD1009DE9EF /* LocationItem.swift */,
			);
			path = Model;
			sourceTree = "<group>";
		};
		5C92447824C6B64400B05A0C /* Map */ = {
			isa = PBXGroup;
			children = (
				5C92447924C6B65200B05A0C /* Model */,
				5C8DC87424C78BC100F2ABD9 /* MapViewController.swift */,
			);
			path = Map;
			sourceTree = "<group>";
		};
		5C92447924C6B65200B05A0C /* Model */ = {
			isa = PBXGroup;
			children = (
				5C92447A24C6B6B200B05A0C /* MapLocations.plist */,
				5C92447C24C6B72700B05A0C /* RestaurantItem.swift */,
				5C92447F24C6BA6F00B05A0C /* MapDataManager.swift */,
			);
			path = Model;
			sourceTree = "<group>";
		};
		5C92448124C6BC7100B05A0C /* Misc */ = {
			isa = PBXGroup;
			children = (
				5C8E380E24CA7F5E009DE9EF /* New Group */,
				5C92448224C6BC8400B05A0C /* DataManager.swift */,
				5C8DC87F24C7EA0700F2ABD9 /* Segue.swift */,
				5C8E382B24CA80CE009DE9EF /* RestaurantAPIManager.swift */,
			);
			path = Misc;
			sourceTree = "<group>";
		};
		5C9EB0C424CFE9BE0009D067 /* View */ = {
			isa = PBXGroup;
			children = (
				5C9EB0C524CFEA0A0009D067 /* RestaurantCell.swift */,
			);
			path = View;
			sourceTree = "<group>";
		};
		5CC0BC4724C3FC5E00EC2AA1 = {
			isa = PBXGroup;
			children = (
				5CC0BC5224C3FC5E00EC2AA1 /* Let'sEat */,
				5CC0BC5124C3FC5E00EC2AA1 /* Products */,
			);
			sourceTree = "<group>";
		};
		5CC0BC5124C3FC5E00EC2AA1 /* Products */ = {
			isa = PBXGroup;
			children = (
				5CC0BC5024C3FC5E00EC2AA1 /* Let's Eat.app */,
			);
			name = Products;
			sourceTree = "<group>";
		};
		5CC0BC5224C3FC5E00EC2AA1 /* Let'sEat */ = {
			isa = PBXGroup;
			children = (
				5C8DC87A24C7E8FE00F2ABD9 /* PhotoFilter */,
				5C8DC87924C7E8F100F2ABD9 /* ReviewForm */,
				5C8DC87624C7E8CC00F2ABD9 /* RestaurantDetail */,
				5C92448124C6BC7100B05A0C /* Misc */,
				5C92447824C6B64400B05A0C /* Map */,
				5C92446F24C6A91600B05A0C /* Location */,
				5CC0BC6C24C42FEA00EC2AA1 /* Restaurants */,
				5CC0BC6924C4176400EC2AA1 /* Explore */,
				5CC0BC5324C3FC5E00EC2AA1 /* AppDelegate.swift */,
				5CC0BC5524C3FC5E00EC2AA1 /* SceneDelegate.swift */,
				5CC0BC5924C3FC5E00EC2AA1 /* Main.storyboard */,
				5CC0BC5E24C3FC6000EC2AA1 /* LaunchScreen.storyboard */,
				5CC0BC6124C3FC6000EC2AA1 /* Info.plist */,
				5CC0BC6724C40BE500EC2AA1 /* Assets.xcassets */,
			);
			path = "Let'sEat";
			sourceTree = "<group>";
		};
		5CC0BC6924C4176400EC2AA1 /* Explore */ = {
			isa = PBXGroup;
			children = (
				5CC0BC7724C56F8A00EC2AA1 /* View */,
				5CC0BC7024C566D300EC2AA1 /* Model */,
				5CC0BC6A24C418A900EC2AA1 /* ExploreViewController.swift */,
			);
			path = Explore;
			sourceTree = "<group>";
		};
		5CC0BC6C24C42FEA00EC2AA1 /* Restaurants */ = {
			isa = PBXGroup;
			children = (
				5C9EB0C424CFE9BE0009D067 /* View */,
				5CC0BC6D24C4301800EC2AA1 /* RestaurantListViewController.swift */,
			);
			path = Restaurants;
			sourceTree = "<group>";
		};
		5CC0BC7024C566D300EC2AA1 /* Model */ = {
			isa = PBXGroup;
			children = (
				5CC0BC7124C566F700EC2AA1 /* ExploreData.plist */,
				5CC0BC7324C5677D00EC2AA1 /* ExploreItem.swift */,
				5CC0BC7524C56A5500EC2AA1 /* ExploreDataManager.swift */,
			);
			path = Model;
			sourceTree = "<group>";
		};
		5CC0BC7724C56F8A00EC2AA1 /* View */ = {
			isa = PBXGroup;
			children = (
				5CC0BC7824C56FCC00EC2AA1 /* ExploreCell.swift */,
			);
			path = View;
			sourceTree = "<group>";
		};
/* End PBXGroup section */

/* Begin PBXNativeTarget section */
		5CC0BC4F24C3FC5E00EC2AA1 /* Let'sEat */ = {
			isa = PBXNativeTarget;
			buildConfigurationList = 5CC0BC6424C3FC6000EC2AA1 /* Build configuration list for PBXNativeTarget "Let'sEat" */;
			buildPhases = (
				5CC0BC4C24C3FC5E00EC2AA1 /* Sources */,
				5CC0BC4D24C3FC5E00EC2AA1 /* Frameworks */,
				5CC0BC4E24C3FC5E00EC2AA1 /* Resources */,
			);
			buildRules = (
			);
			dependencies = (
			);
			name = "Let'sEat";
			productName = "Let'sEat";
			productReference = 5CC0BC5024C3FC5E00EC2AA1 /* Let's Eat.app */;
			productType = "com.apple.product-type.application";
		};
/* End PBXNativeTarget section */

/* Begin PBXProject section */
		5CC0BC4824C3FC5E00EC2AA1 /* Project object */ = {
			isa = PBXProject;
			attributes = {
				LastSwiftUpdateCheck = 1160;
				LastUpgradeCheck = 1160;
				ORGANIZATIONNAME = "Jamie Morgan";
				TargetAttributes = {
					5CC0BC4F24C3FC5E00EC2AA1 = {
						CreatedOnToolsVersion = 11.6;
					};
				};
			};
			buildConfigurationList = 5CC0BC4B24C3FC5E00EC2AA1 /* Build configuration list for PBXProject "Let'sEat" */;
			compatibilityVersion = "Xcode 9.3";
			developmentRegion = en;
			hasScannedForEncodings = 0;
			knownRegions = (
				en,
				Base,
			);
			mainGroup = 5CC0BC4724C3FC5E00EC2AA1;
			productRefGroup = 5CC0BC5124C3FC5E00EC2AA1 /* Products */;
			projectDirPath = "";
			projectRoot = "";
			targets = (
				5CC0BC4F24C3FC5E00EC2AA1 /* Let'sEat */,
			);
		};
/* End PBXProject section */

/* Begin PBXResourcesBuildPhase section */
		5CC0BC4E24C3FC5E00EC2AA1 /* Resources */ = {
			isa = PBXResourcesBuildPhase;
			buildActionMask = 2147483647;
			files = (
				5C8E381F24CA7F77009DE9EF /* New York.json in Resources */,
				5C8E382724CA7F77009DE9EF /* Portland.json in Resources */,
				5CC0BC7224C566F700EC2AA1 /* ExploreData.plist in Resources */,
				5C8E382524CA7F77009DE9EF /* Chicago.json in Resources */,
				5C8E381D24CA7F77009DE9EF /* Los Angeles.json in Resources */,
				5C8E381E24CA7F77009DE9EF /* Philadelphia.json in Resources */,
				5CC0BC6024C3FC6000EC2AA1 /* LaunchScreen.storyboard in Resources */,
				5C8E382624CA7F77009DE9EF /* Charleston.json in Resources */,
				5C8DC87E24C7E91A00F2ABD9 /* PhotoFilter.storyboard in Resources */,
				5C8E382A24CA7F77009DE9EF /* Miami.json in Resources */,
				5C8E382324CA7F77009DE9EF /* New Orleans.json in Resources */,
				5C8E382224CA7F77009DE9EF /* Las Vegas.json in Resources */,
				5C8E382024CA7F77009DE9EF /* Houston.json in Resources */,
				5C8DC87C24C7E91000F2ABD9 /* ReviewForm.storyboard in Resources */,
				5C8E382924CA7F77009DE9EF /* Aspen.json in Resources */,
				5C8E382424CA7F77009DE9EF /* Boston.json in Resources */,
				5CC0BC6824C40BE500EC2AA1 /* Assets.xcassets in Resources */,
				5C92447524C6AE1E00B05A0C /* Locations.plist in Resources */,
				5C8E382124CA7F77009DE9EF /* San Antonio.json in Resources */,
				5C8DC87824C7E8E600F2ABD9 /* RestaurantDetail.storyboard in Resources */,
				5C92447B24C6B6B200B05A0C /* MapLocations.plist in Resources */,
				5CC0BC5B24C3FC5E00EC2AA1 /* Main.storyboard in Resources */,
				5C8E382824CA7F77009DE9EF /* San Francisco.json in Resources */,
			);
			runOnlyForDeploymentPostprocessing = 0;
		};
/* End PBXResourcesBuildPhase section */

/* Begin PBXSourcesBuildPhase section */
		5CC0BC4C24C3FC5E00EC2AA1 /* Sources */ = {
			isa = PBXSourcesBuildPhase;
			buildActionMask = 2147483647;
			files = (
				5C8E382E24CA9BD1009DE9EF /* LocationItem.swift in Sources */,
				5CC0BC7424C5677D00EC2AA1 /* ExploreItem.swift in Sources */,
				5C92448324C6BC8400B05A0C /* DataManager.swift in Sources */,
				5C92448024C6BA6F00B05A0C /* MapDataManager.swift in Sources */,
				5C8E382C24CA80CE009DE9EF /* RestaurantAPIManager.swift in Sources */,
				5CC0BC7924C56FCC00EC2AA1 /* ExploreCell.swift in Sources */,
				5CC0BC5424C3FC5E00EC2AA1 /* AppDelegate.swift in Sources */,
				5C8E383024CAA467009DE9EF /* ExploreHeaderView.swift in Sources */,
				5C8DC88024C7EA0700F2ABD9 /* Segue.swift in Sources */,
				5C9EB0C624CFEA0A0009D067 /* RestaurantCell.swift in Sources */,
				5CC0BC6E24C4301800EC2AA1 /* RestaurantListViewController.swift in Sources */,
				5C8DC88224C7EED100F2ABD9 /* RestaurantDetailViewController.swift in Sources */,
				5C8DC87524C78BC100F2ABD9 /* MapViewController.swift in Sources */,
				5CC0BC5624C3FC5E00EC2AA1 /* SceneDelegate.swift in Sources */,
				5CC0BC6B24C418A900EC2AA1 /* ExploreViewController.swift in Sources */,
				5CC0BC7624C56A5500EC2AA1 /* ExploreDataManager.swift in Sources */,
				5C92447D24C6B72700B05A0C /* RestaurantItem.swift in Sources */,
				5C92447724C6AFAF00B05A0C /* LocationDataManager.swift in Sources */,
				5C92447324C6A98B00B05A0C /* LocationViewController.swift in Sources */,
			);
			runOnlyForDeploymentPostprocessing = 0;
		};
/* End PBXSourcesBuildPhase section */

/* Begin PBXVariantGroup section */
		5CC0BC5924C3FC5E00EC2AA1 /* Main.storyboard */ = {
			isa = PBXVariantGroup;
			children = (
				5CC0BC5A24C3FC5E00EC2AA1 /* Base */,
			);
			name = Main.storyboard;
			sourceTree = "<group>";
		};
		5CC0BC5E24C3FC6000EC2AA1 /* LaunchScreen.storyboard */ = {
			isa = PBXVariantGroup;
			children = (
				5CC0BC5F24C3FC6000EC2AA1 /* Base */,
			);
			name = LaunchScreen.storyboard;
			sourceTree = "<group>";
		};
/* End PBXVariantGroup section */

/* Begin XCBuildConfiguration section */
		5CC0BC6224C3FC6000EC2AA1 /* Debug */ = {
			isa = XCBuildConfiguration;
			buildSettings = {
				ALWAYS_SEARCH_USER_PATHS = NO;
				CLANG_ANALYZER_NONNULL = YES;
				CLANG_ANALYZER_NUMBER_OBJECT_CONVERSION = YES_AGGRESSIVE;
				CLANG_CXX_LANGUAGE_STANDARD = "gnu++14";
				CLANG_CXX_LIBRARY = "libc++";
				CLANG_ENABLE_MODULES = YES;
				CLANG_ENABLE_OBJC_ARC = YES;
				CLANG_ENABLE_OBJC_WEAK = YES;
				CLANG_WARN_BLOCK_CAPTURE_AUTORELEASING = YES;
				CLANG_WARN_BOOL_CONVERSION = YES;
				CLANG_WARN_COMMA = YES;
				CLANG_WARN_CONSTANT_CONVERSION = YES;
				CLANG_WARN_DEPRECATED_OBJC_IMPLEMENTATIONS = YES;
				CLANG_WARN_DIRECT_OBJC_ISA_USAGE = YES_ERROR;
				CLANG_WARN_DOCUMENTATION_COMMENTS = YES;
				CLANG_WARN_EMPTY_BODY = YES;
				CLANG_WARN_ENUM_CONVERSION = YES;
				CLANG_WARN_INFINITE_RECURSION = YES;
				CLANG_WARN_INT_CONVERSION = YES;
				CLANG_WARN_NON_LITERAL_NULL_CONVERSION = YES;
				CLANG_WARN_OBJC_IMPLICIT_RETAIN_SELF = YES;
				CLANG_WARN_OBJC_LITERAL_CONVERSION = YES;
				CLANG_WARN_OBJC_ROOT_CLASS = YES_ERROR;
				CLANG_WARN_RANGE_LOOP_ANALYSIS = YES;
				CLANG_WARN_STRICT_PROTOTYPES = YES;
				CLANG_WARN_SUSPICIOUS_MOVE = YES;
				CLANG_WARN_UNGUARDED_AVAILABILITY = YES_AGGRESSIVE;
				CLANG_WARN_UNREACHABLE_CODE = YES;
				CLANG_WARN__DUPLICATE_METHOD_MATCH = YES;
				COPY_PHASE_STRIP = NO;
				DEBUG_INFORMATION_FORMAT = dwarf;
				ENABLE_STRICT_OBJC_MSGSEND = YES;
				ENABLE_TESTABILITY = YES;
				GCC_C_LANGUAGE_STANDARD = gnu11;
				GCC_DYNAMIC_NO_PIC = NO;
				GCC_NO_COMMON_BLOCKS = YES;
				GCC_OPTIMIZATION_LEVEL = 0;
				GCC_PREPROCESSOR_DEFINITIONS = (
					"DEBUG=1",
					"$(inherited)",
				);
				GCC_WARN_64_TO_32_BIT_CONVERSION = YES;
				GCC_WARN_ABOUT_RETURN_TYPE = YES_ERROR;
				GCC_WARN_UNDECLARED_SELECTOR = YES;
				GCC_WARN_UNINITIALIZED_AUTOS = YES_AGGRESSIVE;
				GCC_WARN_UNUSED_FUNCTION = YES;
				GCC_WARN_UNUSED_VARIABLE = YES;
				IPHONEOS_DEPLOYMENT_TARGET = 13.6;
				MTL_ENABLE_DEBUG_INFO = INCLUDE_SOURCE;
				MTL_FAST_MATH = YES;
				ONLY_ACTIVE_ARCH = YES;
				SDKROOT = iphoneos;
				SWIFT_ACTIVE_COMPILATION_CONDITIONS = DEBUG;
				SWIFT_OPTIMIZATION_LEVEL = "-Onone";
			};
			name = Debug;
		};
		5CC0BC6324C3FC6000EC2AA1 /* Release */ = {
			isa = XCBuildConfiguration;
			buildSettings = {
				ALWAYS_SEARCH_USER_PATHS = NO;
				CLANG_ANALYZER_NONNULL = YES;
				CLANG_ANALYZER_NUMBER_OBJECT_CONVERSION = YES_AGGRESSIVE;
				CLANG_CXX_LANGUAGE_STANDARD = "gnu++14";
				CLANG_CXX_LIBRARY = "libc++";
				CLANG_ENABLE_MODULES = YES;
				CLANG_ENABLE_OBJC_ARC = YES;
				CLANG_ENABLE_OBJC_WEAK = YES;
				CLANG_WARN_BLOCK_CAPTURE_AUTORELEASING = YES;
				CLANG_WARN_BOOL_CONVERSION = YES;
				CLANG_WARN_COMMA = YES;
				CLANG_WARN_CONSTANT_CONVERSION = YES;
				CLANG_WARN_DEPRECATED_OBJC_IMPLEMENTATIONS = YES;
				CLANG_WARN_DIRECT_OBJC_ISA_USAGE = YES_ERROR;
				CLANG_WARN_DOCUMENTATION_COMMENTS = YES;
				CLANG_WARN_EMPTY_BODY = YES;
				CLANG_WARN_ENUM_CONVERSION = YES;
				CLANG_WARN_INFINITE_RECURSION = YES;
				CLANG_WARN_INT_CONVERSION = YES;
				CLANG_WARN_NON_LITERAL_NULL_CONVERSION = YES;
				CLANG_WARN_OBJC_IMPLICIT_RETAIN_SELF = YES;
				CLANG_WARN_OBJC_LITERAL_CONVERSION = YES;
				CLANG_WARN_OBJC_ROOT_CLASS = YES_ERROR;
				CLANG_WARN_RANGE_LOOP_ANALYSIS = YES;
				CLANG_WARN_STRICT_PROTOTYPES = YES;
				CLANG_WARN_SUSPICIOUS_MOVE = YES;
				CLANG_WARN_UNGUARDED_AVAILABILITY = YES_AGGRESSIVE;
				CLANG_WARN_UNREACHABLE_CODE = YES;
				CLANG_WARN__DUPLICATE_METHOD_MATCH = YES;
				COPY_PHASE_STRIP = NO;
				DEBUG_INFORMATION_FORMAT = "dwarf-with-dsym";
				ENABLE_NS_ASSERTIONS = NO;
				ENABLE_STRICT_OBJC_MSGSEND = YES;
				GCC_C_LANGUAGE_STANDARD = gnu11;
				GCC_NO_COMMON_BLOCKS = YES;
				GCC_WARN_64_TO_32_BIT_CONVERSION = YES;
				GCC_WARN_ABOUT_RETURN_TYPE = YES_ERROR;
				GCC_WARN_UNDECLARED_SELECTOR = YES;
				GCC_WARN_UNINITIALIZED_AUTOS = YES_AGGRESSIVE;
				GCC_WARN_UNUSED_FUNCTION = YES;
				GCC_WARN_UNUSED_VARIABLE = YES;
				IPHONEOS_DEPLOYMENT_TARGET = 13.6;
				MTL_ENABLE_DEBUG_INFO = NO;
				MTL_FAST_MATH = YES;
				SDKROOT = iphoneos;
				SWIFT_COMPILATION_MODE = wholemodule;
				SWIFT_OPTIMIZATION_LEVEL = "-O";
				VALIDATE_PRODUCT = YES;
			};
			name = Release;
		};
		5CC0BC6524C3FC6000EC2AA1 /* Debug */ = {
			isa = XCBuildConfiguration;
			buildSettings = {
				ASSETCATALOG_COMPILER_APPICON_NAME = AppIcon;
				CODE_SIGN_STYLE = Automatic;
				DEVELOPMENT_TEAM = 6A3W4F56YH;
				INFOPLIST_FILE = "Let'sEat/Info.plist";
				LD_RUNPATH_SEARCH_PATHS = (
					"$(inherited)",
					"@executable_path/Frameworks",
				);
				PRODUCT_BUNDLE_IDENTIFIER = com.codingjamie.LetsEat;
				PRODUCT_NAME = "Let's Eat";
				SWIFT_VERSION = 5.0;
				TARGETED_DEVICE_FAMILY = "1,2";
			};
			name = Debug;
		};
		5CC0BC6624C3FC6000EC2AA1 /* Release */ = {
			isa = XCBuildConfiguration;
			buildSettings = {
				ASSETCATALOG_COMPILER_APPICON_NAME = AppIcon;
				CODE_SIGN_STYLE = Automatic;
				DEVELOPMENT_TEAM = 6A3W4F56YH;
				INFOPLIST_FILE = "Let'sEat/Info.plist";
				LD_RUNPATH_SEARCH_PATHS = (
					"$(inherited)",
					"@executable_path/Frameworks",
				);
				PRODUCT_BUNDLE_IDENTIFIER = com.codingjamie.LetsEat;
				PRODUCT_NAME = "Let's Eat";
				SWIFT_VERSION = 5.0;
				TARGETED_DEVICE_FAMILY = "1,2";
			};
			name = Release;
		};
/* End XCBuildConfiguration section */

/* Begin XCConfigurationList section */
		5CC0BC4B24C3FC5E00EC2AA1 /* Build configuration list for PBXProject "Let'sEat" */ = {
			isa = XCConfigurationList;
			buildConfigurations = (
				5CC0BC6224C3FC6000EC2AA1 /* Debug */,
				5CC0BC6324C3FC6000EC2AA1 /* Release */,
			);
			defaultConfigurationIsVisible = 0;
			defaultConfigurationName = Release;
		};
		5CC0BC6424C3FC6000EC2AA1 /* Build configuration list for PBXNativeTarget "Let'sEat" */ = {
			isa = XCConfigurationList;
			buildConfigurations = (
				5CC0BC6524C3FC6000EC2AA1 /* Debug */,
				5CC0BC6624C3FC6000EC2AA1 /* Release */,
			);
			defaultConfigurationIsVisible = 0;
			defaultConfigurationName = Release;
		};
/* End XCConfigurationList section */
	};
	rootObject = 5CC0BC4824C3FC5E00EC2AA1 /* Project object */;
}
