// !$*UTF8*$!
{
	archiveVersion = 1;
	classes = {
	};
	objectVersion = 50;
	objects = {

/* Begin PBXBuildFile section */
		5CC0BC5424C3FC5E00EC2AA1 /* AppDelegate.swift in Sources */ = {isa = PBXBuildFile; fileRef = 5CC0BC5324C3FC5E00EC2AA1 /* AppDelegate.swift */; };
		5CC0BC5624C3FC5E00EC2AA1 /* SceneDelegate.swift in Sources */ = {isa = PBXBuildFile; fileRef = 5CC0BC5524C3FC5E00EC2AA1 /* SceneDelegate.swift */; };
		5CC0BC5B24C3FC5E00EC2AA1 /* Main.storyboard in Resources */ = {isa = PBXBuildFile; fileRef = 5CC0BC5924C3FC5E00EC2AA1 /* Main.storyboard */; };
		5CC0BC6024C3FC6000EC2AA1 /* LaunchScreen.storyboard in Resources */ = {isa = PBXBuildFile; fileRef = 5CC0BC5E24C3FC6000EC2AA1 /* LaunchScreen.storyboard */; };
		5CC0BC6824C40BE500EC2AA1 /* Assets.xcassets in Resources */ = {isa = PBXBuildFile; fileRef = 5CC0BC6724C40BE500EC2AA1 /* Assets.xcassets */; };
		5CC0BC6B24C418A900EC2AA1 /* ExploreViewController.swift in Sources */ = {isa = PBXBuildFile; fileRef = 5CC0BC6A24C418A900EC2AA1 /* ExploreViewController.swift */; };
		5CC0BC6E24C4301800EC2AA1 /* RestaurantListViewController.swift in Sources */ = {isa = PBXBuildFile; fileRef = 5CC0BC6D24C4301800EC2AA1 /* RestaurantListViewController.swift */; };
		5CC0BC7224C566F700EC2AA1 /* ExploreData.plist in Resources */ = {isa = PBXBuildFile; fileRef = 5CC0BC7124C566F700EC2AA1 /* ExploreData.plist */; };
		5CC0BC7424C5677D00EC2AA1 /* ExploreItem.swift in Sources */ = {isa = PBXBuildFile; fileRef = 5CC0BC7324C5677D00EC2AA1 /* ExploreItem.swift */; };
		5CC0BC7624C56A5500EC2AA1 /* ExploreDataManager.swift in Sources */ = {isa = PBXBuildFile; fileRef = 5CC0BC7524C56A5500EC2AA1 /* ExploreDataManager.swift */; };
/* End PBXBuildFile section */

/* Begin PBXFileReference section */
		5CC0BC5024C3FC5E00EC2AA1 /* Let'sEat.app */ = {isa = PBXFileReference; explicitFileType = wrapper.application; includeInIndex = 0; path = "Let'sEat.app"; sourceTree = BUILT_PRODUCTS_DIR; };
		5CC0BC5324C3FC5E00EC2AA1 /* AppDelegate.swift */ = {isa = PBXFileReference; lastKnownFileType = sourcecode.swift; path = AppDelegate.swift; sourceTree = "<group>"; };
		5CC0BC5524C3FC5E00EC2AA1 /* SceneDelegate.swift */ = {isa = PBXFileReference; lastKnownFileType = sourcecode.swift; path = SceneDelegate.swift; sourceTree = "<group>"; };
		5CC0BC5A24C3FC5E00EC2AA1 /* Base */ = {isa = PBXFileReference; lastKnownFileType = file.storyboard; name = Base; path = Base.lproj/Main.storyboard; sourceTree = "<group>"; };
		5CC0BC5F24C3FC6000EC2AA1 /* Base */ = {isa = PBXFileReference; lastKnownFileType = file.storyboard; name = Base; path = Base.lproj/LaunchScreen.storyboard; sourceTree = "<group>"; };
		5CC0BC6124C3FC6000EC2AA1 /* Info.plist */ = {isa = PBXFileReference; lastKnownFileType = text.plist.xml; path = Info.plist; sourceTree = "<group>"; };
		5CC0BC6724C40BE500EC2AA1 /* Assets.xcassets */ = {isa = PBXFileReference; lastKnownFileType = folder.assetcatalog; name = Assets.xcassets; path = "../../iOS13ForBeginners/iOS-13-Programming-for-Beginners/Chapter09/Assets.xcassets"; sourceTree = "<group>"; };
		5CC0BC6A24C418A900EC2AA1 /* ExploreViewController.swift */ = {isa = PBXFileReference; lastKnownFileType = sourcecode.swift; path = ExploreViewController.swift; sourceTree = "<group>"; };
		5CC0BC6D24C4301800EC2AA1 /* RestaurantListViewController.swift */ = {isa = PBXFileReference; lastKnownFileType = sourcecode.swift; path = RestaurantListViewController.swift; sourceTree = "<group>"; };
		5CC0BC6F24C5413400EC2AA1 /* CollectionViewBasics.playground */ = {isa = PBXFileReference; lastKnownFileType = file.playground; name = CollectionViewBasics.playground; path = ../../CollectionViewBasics.playground; sourceTree = "<group>"; xcLanguageSpecificationIdentifier = xcode.lang.swift; };
		5CC0BC7124C566F700EC2AA1 /* ExploreData.plist */ = {isa = PBXFileReference; fileEncoding = 4; lastKnownFileType = text.plist.xml; path = ExploreData.plist; sourceTree = "<group>"; };
		5CC0BC7324C5677D00EC2AA1 /* ExploreItem.swift */ = {isa = PBXFileReference; lastKnownFileType = sourcecode.swift; path = ExploreItem.swift; sourceTree = "<group>"; };
		5CC0BC7524C56A5500EC2AA1 /* ExploreDataManager.swift */ = {isa = PBXFileReference; lastKnownFileType = sourcecode.swift; path = ExploreDataManager.swift; sourceTree = "<group>"; };
/* End PBXFileReference section */

/* Begin PBXFrameworksBuildPhase section */
		5CC0BC4D24C3FC5E00EC2AA1 /* Frameworks */ = {
			isa = PBXFrameworksBuildPhase;
			buildActionMask = 2147483647;
			files = (
			);
			runOnlyForDeploymentPostprocessing = 0;
		};
/* End PBXFrameworksBuildPhase section */

/* Begin PBXGroup section */
		5CC0BC4724C3FC5E00EC2AA1 = {
			isa = PBXGroup;
			children = (
				5CC0BC5224C3FC5E00EC2AA1 /* Let'sEat */,
				5CC0BC5124C3FC5E00EC2AA1 /* Products */,
			);
			sourceTree = "<group>";
		};
		5CC0BC5124C3FC5E00EC2AA1 /* Products */ = {
			isa = PBXGroup;
			children = (
				5CC0BC5024C3FC5E00EC2AA1 /* Let'sEat.app */,
			);
			name = Products;
			sourceTree = "<group>";
		};
		5CC0BC5224C3FC5E00EC2AA1 /* Let'sEat */ = {
			isa = PBXGroup;
			children = (
				5CC0BC6F24C5413400EC2AA1 /* CollectionViewBasics.playground */,
				5CC0BC6C24C42FEA00EC2AA1 /* Restaurants */,
				5CC0BC6924C4176400EC2AA1 /* Explore */,
				5CC0BC5324C3FC5E00EC2AA1 /* AppDelegate.swift */,
				5CC0BC5524C3FC5E00EC2AA1 /* SceneDelegate.swift */,
				5CC0BC5924C3FC5E00EC2AA1 /* Main.storyboard */,
				5CC0BC5E24C3FC6000EC2AA1 /* LaunchScreen.storyboard */,
				5CC0BC6124C3FC6000EC2AA1 /* Info.plist */,
				5CC0BC6724C40BE500EC2AA1 /* Assets.xcassets */,
			);
			path = "Let'sEat";
			sourceTree = "<group>";
		};
		5CC0BC6924C4176400EC2AA1 /* Explore */ = {
			isa = PBXGroup;
			children = (
				5CC0BC7024C566D300EC2AA1 /* Model */,
				5CC0BC6A24C418A900EC2AA1 /* ExploreViewController.swift */,
			);
			path = Explore;
			sourceTree = "<group>";
		};
		5CC0BC6C24C42FEA00EC2AA1 /* Restaurants */ = {
			isa = PBXGroup;
			children = (
				5CC0BC6D24C4301800EC2AA1 /* RestaurantListViewController.swift */,
			);
			path = Restaurants;
			sourceTree = "<group>";
		};
		5CC0BC7024C566D300EC2AA1 /* Model */ = {
			isa = PBXGroup;
			children = (
				5CC0BC7124C566F700EC2AA1 /* ExploreData.plist */,
				5CC0BC7324C5677D00EC2AA1 /* ExploreItem.swift */,
				5CC0BC7524C56A5500EC2AA1 /* ExploreDataManager.swift */,
			);
			path = Model;
			sourceTree = "<group>";
		};
/* End PBXGroup section */

/* Begin PBXNativeTarget section */
		5CC0BC4F24C3FC5E00EC2AA1 /* Let'sEat */ = {
			isa = PBXNativeTarget;
			buildConfigurationList = 5CC0BC6424C3FC6000EC2AA1 /* Build configuration list for PBXNativeTarget "Let'sEat" */;
			buildPhases = (
				5CC0BC4C24C3FC5E00EC2AA1 /* Sources */,
				5CC0BC4D24C3FC5E00EC2AA1 /* Frameworks */,
				5CC0BC4E24C3FC5E00EC2AA1 /* Resources */,
			);
			buildRules = (
			);
			dependencies = (
			);
			name = "Let'sEat";
			productName = "Let'sEat";
			productReference = 5CC0BC5024C3FC5E00EC2AA1 /* Let'sEat.app */;
			productType = "com.apple.product-type.application";
		};
/* End PBXNativeTarget section */

/* Begin PBXProject section */
		5CC0BC4824C3FC5E00EC2AA1 /* Project object */ = {
			isa = PBXProject;
			attributes = {
				LastSwiftUpdateCheck = 1160;
				LastUpgradeCheck = 1160;
				ORGANIZATIONNAME = "Jamie Morgan";
				TargetAttributes = {
					5CC0BC4F24C3FC5E00EC2AA1 = {
						CreatedOnToolsVersion = 11.6;
					};
				};
			};
			buildConfigurationList = 5CC0BC4B24C3FC5E00EC2AA1 /* Build configuration list for PBXProject "Let'sEat" */;
			compatibilityVersion = "Xcode 9.3";
			developmentRegion = en;
			hasScannedForEncodings = 0;
			knownRegions = (
				en,
				Base,
			);
			mainGroup = 5CC0BC4724C3FC5E00EC2AA1;
			productRefGroup = 5CC0BC5124C3FC5E00EC2AA1 /* Products */;
			projectDirPath = "";
			projectRoot = "";
			targets = (
				5CC0BC4F24C3FC5E00EC2AA1 /* Let'sEat */,
			);
		};
/* End PBXProject section */

/* Begin PBXResourcesBuildPhase section */
		5CC0BC4E24C3FC5E00EC2AA1 /* Resources */ = {
			isa = PBXResourcesBuildPhase;
			buildActionMask = 2147483647;
			files = (
				5CC0BC7224C566F700EC2AA1 /* ExploreData.plist in Resources */,
				5CC0BC6024C3FC6000EC2AA1 /* LaunchScreen.storyboard in Resources */,
				5CC0BC6824C40BE500EC2AA1 /* Assets.xcassets in Resources */,
				5CC0BC5B24C3FC5E00EC2AA1 /* Main.storyboard in Resources */,
			);
			runOnlyForDeploymentPostprocessing = 0;
		};
/* End PBXResourcesBuildPhase section */

/* Begin PBXSourcesBuildPhase section */
		5CC0BC4C24C3FC5E00EC2AA1 /* Sources */ = {
			isa = PBXSourcesBuildPhase;
			buildActionMask = 2147483647;
			files = (
				5CC0BC7424C5677D00EC2AA1 /* ExploreItem.swift in Sources */,
				5CC0BC5424C3FC5E00EC2AA1 /* AppDelegate.swift in Sources */,
				5CC0BC6E24C4301800EC2AA1 /* RestaurantListViewController.swift in Sources */,
				5CC0BC5624C3FC5E00EC2AA1 /* SceneDelegate.swift in Sources */,
				5CC0BC6B24C418A900EC2AA1 /* ExploreViewController.swift in Sources */,
				5CC0BC7624C56A5500EC2AA1 /* ExploreDataManager.swift in Sources */,
			);
			runOnlyForDeploymentPostprocessing = 0;
		};
/* End PBXSourcesBuildPhase section */

/* Begin PBXVariantGroup section */
		5CC0BC5924C3FC5E00EC2AA1 /* Main.storyboard */ = {
			isa = PBXVariantGroup;
			children = (
				5CC0BC5A24C3FC5E00EC2AA1 /* Base */,
			);
			name = Main.storyboard;
			sourceTree = "<group>";
		};
		5CC0BC5E24C3FC6000EC2AA1 /* LaunchScreen.storyboard */ = {
			isa = PBXVariantGroup;
			children = (
				5CC0BC5F24C3FC6000EC2AA1 /* Base */,
			);
			name = LaunchScreen.storyboard;
			sourceTree = "<group>";
		};
/* End PBXVariantGroup section */

/* Begin XCBuildConfiguration section */
		5CC0BC6224C3FC6000EC2AA1 /* Debug */ = {
			isa = XCBuildConfiguration;
			buildSettings = {
				ALWAYS_SEARCH_USER_PATHS = NO;
				CLANG_ANALYZER_NONNULL = YES;
				CLANG_ANALYZER_NUMBER_OBJECT_CONVERSION = YES_AGGRESSIVE;
				CLANG_CXX_LANGUAGE_STANDARD = "gnu++14";
				CLANG_CXX_LIBRARY = "libc++";
				CLANG_ENABLE_MODULES = YES;
				CLANG_ENABLE_OBJC_ARC = YES;
				CLANG_ENABLE_OBJC_WEAK = YES;
				CLANG_WARN_BLOCK_CAPTURE_AUTORELEASING = YES;
				CLANG_WARN_BOOL_CONVERSION = YES;
				CLANG_WARN_COMMA = YES;
				CLANG_WARN_CONSTANT_CONVERSION = YES;
				CLANG_WARN_DEPRECATED_OBJC_IMPLEMENTATIONS = YES;
				CLANG_WARN_DIRECT_OBJC_ISA_USAGE = YES_ERROR;
				CLANG_WARN_DOCUMENTATION_COMMENTS = YES;
				CLANG_WARN_EMPTY_BODY = YES;
				CLANG_WARN_ENUM_CONVERSION = YES;
				CLANG_WARN_INFINITE_RECURSION = YES;
				CLANG_WARN_INT_CONVERSION = YES;
				CLANG_WARN_NON_LITERAL_NULL_CONVERSION = YES;
				CLANG_WARN_OBJC_IMPLICIT_RETAIN_SELF = YES;
				CLANG_WARN_OBJC_LITERAL_CONVERSION = YES;
				CLANG_WARN_OBJC_ROOT_CLASS = YES_ERROR;
				CLANG_WARN_RANGE_LOOP_ANALYSIS = YES;
				CLANG_WARN_STRICT_PROTOTYPES = YES;
				CLANG_WARN_SUSPICIOUS_MOVE = YES;
				CLANG_WARN_UNGUARDED_AVAILABILITY = YES_AGGRESSIVE;
				CLANG_WARN_UNREACHABLE_CODE = YES;
				CLANG_WARN__DUPLICATE_METHOD_MATCH = YES;
				COPY_PHASE_STRIP = NO;
				DEBUG_INFORMATION_FORMAT = dwarf;
				ENABLE_STRICT_OBJC_MSGSEND = YES;
				ENABLE_TESTABILITY = YES;
				GCC_C_LANGUAGE_STANDARD = gnu11;
				GCC_DYNAMIC_NO_PIC = NO;
				GCC_NO_COMMON_BLOCKS = YES;
				GCC_OPTIMIZATION_LEVEL = 0;
				GCC_PREPROCESSOR_DEFINITIONS = (
					"DEBUG=1",
					"$(inherited)",
				);
				GCC_WARN_64_TO_32_BIT_CONVERSION = YES;
				GCC_WARN_ABOUT_RETURN_TYPE = YES_ERROR;
				GCC_WARN_UNDECLARED_SELECTOR = YES;
				GCC_WARN_UNINITIALIZED_AUTOS = YES_AGGRESSIVE;
				GCC_WARN_UNUSED_FUNCTION = YES;
				GCC_WARN_UNUSED_VARIABLE = YES;
				IPHONEOS_DEPLOYMENT_TARGET = 13.6;
				MTL_ENABLE_DEBUG_INFO = INCLUDE_SOURCE;
				MTL_FAST_MATH = YES;
				ONLY_ACTIVE_ARCH = YES;
				SDKROOT = iphoneos;
				SWIFT_ACTIVE_COMPILATION_CONDITIONS = DEBUG;
				SWIFT_OPTIMIZATION_LEVEL = "-Onone";
			};
			name = Debug;
		};
		5CC0BC6324C3FC6000EC2AA1 /* Release */ = {
			isa = XCBuildConfiguration;
			buildSettings = {
				ALWAYS_SEARCH_USER_PATHS = NO;
				CLANG_ANALYZER_NONNULL = YES;
				CLANG_ANALYZER_NUMBER_OBJECT_CONVERSION = YES_AGGRESSIVE;
				CLANG_CXX_LANGUAGE_STANDARD = "gnu++14";
				CLANG_CXX_LIBRARY = "libc++";
				CLANG_ENABLE_MODULES = YES;
				CLANG_ENABLE_OBJC_ARC = YES;
				CLANG_ENABLE_OBJC_WEAK = YES;
				CLANG_WARN_BLOCK_CAPTURE_AUTORELEASING = YES;
				CLANG_WARN_BOOL_CONVERSION = YES;
				CLANG_WARN_COMMA = YES;
				CLANG_WARN_CONSTANT_CONVERSION = YES;
				CLANG_WARN_DEPRECATED_OBJC_IMPLEMENTATIONS = YES;
				CLANG_WARN_DIRECT_OBJC_ISA_USAGE = YES_ERROR;
				CLANG_WARN_DOCUMENTATION_COMMENTS = YES;
				CLANG_WARN_EMPTY_BODY = YES;
				CLANG_WARN_ENUM_CONVERSION = YES;
				CLANG_WARN_INFINITE_RECURSION = YES;
				CLANG_WARN_INT_CONVERSION = YES;
				CLANG_WARN_NON_LITERAL_NULL_CONVERSION = YES;
				CLANG_WARN_OBJC_IMPLICIT_RETAIN_SELF = YES;
				CLANG_WARN_OBJC_LITERAL_CONVERSION = YES;
				CLANG_WARN_OBJC_ROOT_CLASS = YES_ERROR;
				CLANG_WARN_RANGE_LOOP_ANALYSIS = YES;
				CLANG_WARN_STRICT_PROTOTYPES = YES;
				CLANG_WARN_SUSPICIOUS_MOVE = YES;
				CLANG_WARN_UNGUARDED_AVAILABILITY = YES_AGGRESSIVE;
				CLANG_WARN_UNREACHABLE_CODE = YES;
				CLANG_WARN__DUPLICATE_METHOD_MATCH = YES;
				COPY_PHASE_STRIP = NO;
				DEBUG_INFORMATION_FORMAT = "dwarf-with-dsym";
				ENABLE_NS_ASSERTIONS = NO;
				ENABLE_STRICT_OBJC_MSGSEND = YES;
				GCC_C_LANGUAGE_STANDARD = gnu11;
				GCC_NO_COMMON_BLOCKS = YES;
				GCC_WARN_64_TO_32_BIT_CONVERSION = YES;
				GCC_WARN_ABOUT_RETURN_TYPE = YES_ERROR;
				GCC_WARN_UNDECLARED_SELECTOR = YES;
				GCC_WARN_UNINITIALIZED_AUTOS = YES_AGGRESSIVE;
				GCC_WARN_UNUSED_FUNCTION = YES;
				GCC_WARN_UNUSED_VARIABLE = YES;
				IPHONEOS_DEPLOYMENT_TARGET = 13.6;
				MTL_ENABLE_DEBUG_INFO = NO;
				MTL_FAST_MATH = YES;
				SDKROOT = iphoneos;
				SWIFT_COMPILATION_MODE = wholemodule;
				SWIFT_OPTIMIZATION_LEVEL = "-O";
				VALIDATE_PRODUCT = YES;
			};
			name = Release;
		};
		5CC0BC6524C3FC6000EC2AA1 /* Debug */ = {
			isa = XCBuildConfiguration;
			buildSettings = {
				ASSETCATALOG_COMPILER_APPICON_NAME = AppIcon;
				CODE_SIGN_STYLE = Automatic;
				DEVELOPMENT_TEAM = 6A3W4F56YH;
				INFOPLIST_FILE = "Let'sEat/Info.plist";
				LD_RUNPATH_SEARCH_PATHS = (
					"$(inherited)",
					"@executable_path/Frameworks",
				);
				PRODUCT_BUNDLE_IDENTIFIER = "com.codingjamie.Let-sEat";
				PRODUCT_NAME = "$(TARGET_NAME)";
				SWIFT_VERSION = 5.0;
				TARGETED_DEVICE_FAMILY = "1,2";
			};
			name = Debug;
		};
		5CC0BC6624C3FC6000EC2AA1 /* Release */ = {
			isa = XCBuildConfiguration;
			buildSettings = {
				ASSETCATALOG_COMPILER_APPICON_NAME = AppIcon;
				CODE_SIGN_STYLE = Automatic;
				DEVELOPMENT_TEAM = 6A3W4F56YH;
				INFOPLIST_FILE = "Let'sEat/Info.plist";
				LD_RUNPATH_SEARCH_PATHS = (
					"$(inherited)",
					"@executable_path/Frameworks",
				);
				PRODUCT_BUNDLE_IDENTIFIER = "com.codingjamie.Let-sEat";
				PRODUCT_NAME = "$(TARGET_NAME)";
				SWIFT_VERSION = 5.0;
				TARGETED_DEVICE_FAMILY = "1,2";
			};
			name = Release;
		};
/* End XCBuildConfiguration section */

/* Begin XCConfigurationList section */
		5CC0BC4B24C3FC5E00EC2AA1 /* Build configuration list for PBXProject "Let'sEat" */ = {
			isa = XCConfigurationList;
			buildConfigurations = (
				5CC0BC6224C3FC6000EC2AA1 /* Debug */,
				5CC0BC6324C3FC6000EC2AA1 /* Release */,
			);
			defaultConfigurationIsVisible = 0;
			defaultConfigurationName = Release;
		};
		5CC0BC6424C3FC6000EC2AA1 /* Build configuration list for PBXNativeTarget "Let'sEat" */ = {
			isa = XCConfigurationList;
			buildConfigurations = (
				5CC0BC6524C3FC6000EC2AA1 /* Debug */,
				5CC0BC6624C3FC6000EC2AA1 /* Release */,
			);
			defaultConfigurationIsVisible = 0;
			defaultConfigurationName = Release;
		};
/* End XCConfigurationList section */
	};
	rootObject = 5CC0BC4824C3FC5E00EC2AA1 /* Project object */;
}
